
Microsoft Visual Studio Solution File, Format Version 12.00
# Visual Studio Version 17
VisualStudioVersion = 17.1.32104.313
MinimumVisualStudioVersion = 10.0.40219.1
Project("{9A19103F-16F7-4668-BE54-9A1E7A4F7556}") = "CommandLineSwitchParser.Test", "CommandLineSwitchParser.Test\CommandLineSwitchParser.Test.csproj", "{F70034C1-3E5F-4058-8A18-FA407081BBB2}"
EndProject
Project("{9A19103F-16F7-4668-BE54-9A1E7A4F7556}") = "CommandLineSwitchParser", "CommandLineSwitchParser\CommandLineSwitchParser.csproj", "{287D62F6-2B1F-4345-9680-B122641A5AF4}"
EndProject
Project("{2150E333-8FDC-42A3-9474-1A3956D46DE8}") = "README", "README", "{8077A0DA-61CF-4A42-AABD-39DD4391E415}"
	ProjectSection(SolutionItems) = preProject
		README.md = README.md
		RELEASE-NOTES.txt = RELEASE-NOTES.txt
	EndProjectSection
EndProject
Project("{2150E333-8FDC-42A3-9474-1A3956D46DE8}") = "Solution Items", "Solution Items", "{3F2E1A99-367B-4DAF-94ED-A66CD193CEE7}"
	ProjectSection(SolutionItems) = preProject
		appveyor.yml = appveyor.yml
	EndProjectSection
EndProject
Global
	GlobalSection(SolutionConfigurationPlatforms) = preSolution
		Debug|Any CPU = Debug|Any CPU
		Release|Any CPU = Release|Any CPU
	EndGlobalSection
	GlobalSection(ProjectConfigurationPlatforms) = postSolution
		{F70034C1-3E5F-4058-8A18-FA407081BBB2}.Debug|Any CPU.ActiveCfg = Debug|Any CPU
		{F70034C1-3E5F-4058-8A18-FA407081BBB2}.Debug|Any CPU.Build.0 = Debug|Any CPU
		{F70034C1-3E5F-4058-8A18-FA407081BBB2}.Release|Any CPU.ActiveCfg = Release|Any CPU
		{F70034C1-3E5F-4058-8A18-FA407081BBB2}.Release|Any CPU.Build.0 = Release|Any CPU
		{287D62F6-2B1F-4345-9680-B122641A5AF4}.Debug|Any CPU.ActiveCfg = Debug|Any CPU
		{287D62F6-2B1F-4345-9680-B122641A5AF4}.Debug|Any CPU.Build.0 = Debug|Any CPU
		{287D62F6-2B1F-4345-9680-B122641A5AF4}.Release|Any CPU.ActiveCfg = Release|Any CPU
		{287D62F6-2B1F-4345-9680-B122641A5AF4}.Release|Any CPU.Build.0 = Release|Any CPU
	EndGlobalSection
	GlobalSection(SolutionProperties) = preSolution
		HideSolutionNode = FALSE
	EndGlobalSection
	GlobalSection(ExtensibilityGlobals) = postSolution
		SolutionGuid = {C0187347-A28F-4C1B-80CB-EA2FE13AC467}
	EndGlobalSection
EndGlobal
